
Microsoft Visual Studio Solution File, Format Version 12.00
# Visual Studio Version 17
VisualStudioVersion = 17.14.36310.24 d17.14
MinimumVisualStudioVersion = 10.0.40219.1
Project("{FAE04EC0-301F-11D3-BF4B-00C04F79EFBC}") = "AvReckoner", "AvReckoner.csproj", "{CEDC0C95-9966-435C-AC9D-D2A90DCAA227}"
EndProject
Global
	GlobalSection(SolutionConfigurationPlatforms) = preSolution
		Debug|Any CPU = Debug|Any CPU
		Release|Any CPU = Release|Any CPU
	EndGlobalSection
	GlobalSection(ProjectConfigurationPlatforms) = postSolution
		{CEDC0C95-9966-435C-AC9D-D2A90DCAA227}.Debug|Any CPU.ActiveCfg = Debug|Any CPU
		{CEDC0C95-9966-435C-AC9D-D2A90DCAA227}.Debug|Any CPU.Build.0 = Debug|Any CPU
		{CEDC0C95-9966-435C-AC9D-D2A90DCAA227}.Release|Any CPU.ActiveCfg = Release|Any CPU
		{CEDC0C95-9966-435C-AC9D-D2A90DCAA227}.Release|Any CPU.Build.0 = Release|Any CPU
	EndGlobalSection
	GlobalSection(SolutionProperties) = preSolution
		HideSolutionNode = FALSE
	EndGlobalSection
	GlobalSection(ExtensibilityGlobals) = postSolution
		SolutionGuid = {36A51446-D1B9-466A-80AE-6F3CD3B9BBB1}
	EndGlobalSection
EndGlobal
